Microsoft Visual Studio Solution File, Format Version 12.00
# Visual Studio Version 17
VisualStudioVersion = 17.5.2.0
MinimumVisualStudioVersion = 10.0.40219.1
Project("{FAE04EC0-301F-11D3-BF4B-00C04F79EFBC}") = "UmbracoProject", "UmbracoProject.csproj", "{EA7D5958-8628-032F-4E3E-76E485D281CE}"
EndProject
Global
	GlobalSection(SolutionConfigurationPlatforms) = preSolution
		Debug|Any CPU = Debug|Any CPU
		Release|Any CPU = Release|Any CPU
	EndGlobalSection
	GlobalSection(ProjectConfigurationPlatforms) = postSolution
		{EA7D5958-8628-032F-4E3E-76E485D281CE}.Debug|Any CPU.ActiveCfg = Debug|Any CPU
		{EA7D5958-8628-032F-4E3E-76E485D281CE}.Debug|Any CPU.Build.0 = Debug|Any CPU
		{EA7D5958-8628-032F-4E3E-76E485D281CE}.Release|Any CPU.ActiveCfg = Release|Any CPU
		{EA7D5958-8628-032F-4E3E-76E485D281CE}.Release|Any CPU.Build.0 = Release|Any CPU
	EndGlobalSection
	GlobalSection(SolutionProperties) = preSolution
		HideSolutionNode = FALSE
	EndGlobalSection
	GlobalSection(ExtensibilityGlobals) = postSolution
		SolutionGuid = {5ADFFE50-1AEC-483D-90F4-2587338B60A4}
	EndGlobalSection
EndGlobal
